
Microsoft Visual Studio Solution File, Format Version 12.00
# Visual Studio Version 16
VisualStudioVersion = 16.6.30114.105
MinimumVisualStudioVersion = 10.0.40219.1
Project("{9A19103F-16F7-4668-BE54-9A1E7A4F7556}") = "R5T.D0070.Construction", "R5T.D0070.Construction\R5T.D0070.Construction.csproj", "{718D1323-1E40-4CC1-A316-10FC3A34AC8E}"
EndProject
Project("{9A19103F-16F7-4668-BE54-9A1E7A4F7556}") = "R5T.D0070.Base", "R5T.D0070.Base\R5T.D0070.Base.csproj", "{9435E89A-3A03-4CE1-935F-AD4BD8D74595}"
EndProject
Project("{9A19103F-16F7-4668-BE54-9A1E7A4F7556}") = "R5T.D0070.Default", "R5T.D0070.Default\R5T.D0070.Default.csproj", "{1FD8A914-A1EC-486D-B94C-DCB9D713309F}"
EndProject
Project("{9A19103F-16F7-4668-BE54-9A1E7A4F7556}") = "R5T.D0070.Types", "R5T.D0070.Types\R5T.D0070.Types.csproj", "{7CBED41B-8D9A-4E42-9685-4138AD736315}"
EndProject
Project("{2150E333-8FDC-42A3-9474-1A3956D46DE8}") = "_Dependencies", "_Dependencies", "{053BEFB5-9B50-4517-B20D-68FB4A9DD969}"
EndProject
Project("{9A19103F-16F7-4668-BE54-9A1E7A4F7556}") = "R5T.Dacia", "..\..\R5T.Dacia\source\R5T.Dacia\R5T.Dacia.csproj", "{30FD79CB-3BD0-47BD-A08D-E6C08407DD42}"
EndProject
Project("{9A19103F-16F7-4668-BE54-9A1E7A4F7556}") = "R5T.Dacia.Extensions", "..\..\R5T.Dacia.Extensions\source\R5T.Dacia.Extensions\R5T.Dacia.Extensions.csproj", "{408DFEBE-B851-4442-880B-F14F0FD36AA6}"
EndProject
Project("{9A19103F-16F7-4668-BE54-9A1E7A4F7556}") = "R5T.Magyar", "..\..\R5T.Magyar\source\R5T.Magyar\R5T.Magyar.csproj", "{EFCD4460-027A-488C-A415-857F38DA3066}"
EndProject
Project("{9A19103F-16F7-4668-BE54-9A1E7A4F7556}") = "R5T.D0065.Base", "..\..\R5T.D0065\source\R5T.D0065.Base\R5T.D0065.Base.csproj", "{AA3DDD82-6F84-41DA-B3E5-8FE213BAACDA}"
EndProject
Project("{9A19103F-16F7-4668-BE54-9A1E7A4F7556}") = "R5T.Lombardy.Base", "..\..\R5T.Lombardy.Base\source\R5T.Lombardy.Base\R5T.Lombardy.Base.csproj", "{F3D07DD5-D586-4159-9096-43B8B19C9C30}"
EndProject
Project("{9A19103F-16F7-4668-BE54-9A1E7A4F7556}") = "R5T.Cherusci", "..\..\R5T.Cherusci\source\R5T.Cherusci\R5T.Cherusci.csproj", "{63E11DAC-0FC6-4B00-A184-C965A3784ACA}"
EndProject
Project("{9A19103F-16F7-4668-BE54-9A1E7A4F7556}") = "R5T.D0062.Base", "..\..\R5T.D0062\source\R5T.D0062.Base\R5T.D0062.Base.csproj", "{602B6603-B6C1-4325-9BE4-B76B7A999BC8}"
EndProject
Project("{FAE04EC0-301F-11D3-BF4B-00C04F79EFBC}") = "R5T.D0070.Standard", "R5T.D0070.Standard\R5T.D0070.Standard.csproj", "{8AEE95AC-C61F-463B-A9A6-BDE5CD94E3DD}"
EndProject
Global
	GlobalSection(SolutionConfigurationPlatforms) = preSolution
		Debug|Any CPU = Debug|Any CPU
		Debug|x64 = Debug|x64
		Debug|x86 = Debug|x86
		Release|Any CPU = Release|Any CPU
		Release|x64 = Release|x64
		Release|x86 = Release|x86
	EndGlobalSection
	GlobalSection(ProjectConfigurationPlatforms) = postSolution
		{718D1323-1E40-4CC1-A316-10FC3A34AC8E}.Debug|Any CPU.ActiveCfg = Debug|Any CPU
		{718D1323-1E40-4CC1-A316-10FC3A34AC8E}.Debug|Any CPU.Build.0 = Debug|Any CPU
		{718D1323-1E40-4CC1-A316-10FC3A34AC8E}.Debug|x64.ActiveCfg = Debug|Any CPU
		{718D1323-1E40-4CC1-A316-10FC3A34AC8E}.Debug|x64.Build.0 = Debug|Any CPU
		{718D1323-1E40-4CC1-A316-10FC3A34AC8E}.Debug|x86.ActiveCfg = Debug|Any CPU
		{718D1323-1E40-4CC1-A316-10FC3A34AC8E}.Debug|x86.Build.0 = Debug|Any CPU
		{718D1323-1E40-4CC1-A316-10FC3A34AC8E}.Release|Any CPU.ActiveCfg = Release|Any CPU
		{718D1323-1E40-4CC1-A316-10FC3A34AC8E}.Release|Any CPU.Build.0 = Release|Any CPU
		{718D1323-1E40-4CC1-A316-10FC3A34AC8E}.Release|x64.ActiveCfg = Release|Any CPU
		{718D1323-1E40-4CC1-A316-10FC3A34AC8E}.Release|x64.Build.0 = Release|Any CPU
		{718D1323-1E40-4CC1-A316-10FC3A34AC8E}.Release|x86.ActiveCfg = Release|Any CPU
		{718D1323-1E40-4CC1-A316-10FC3A34AC8E}.Release|x86.Build.0 = Release|Any CPU
		{9435E89A-3A03-4CE1-935F-AD4BD8D74595}.Debug|Any CPU.ActiveCfg = Debug|Any CPU
		{9435E89A-3A03-4CE1-935F-AD4BD8D74595}.Debug|Any CPU.Build.0 = Debug|Any CPU
		{9435E89A-3A03-4CE1-935F-AD4BD8D74595}.Debug|x64.ActiveCfg = Debug|Any CPU
		{9435E89A-3A03-4CE1-935F-AD4BD8D74595}.Debug|x64.Build.0 = Debug|Any CPU
		{9435E89A-3A03-4CE1-935F-AD4BD8D74595}.Debug|x86.ActiveCfg = Debug|Any CPU
		{9435E89A-3A03-4CE1-935F-AD4BD8D74595}.Debug|x86.Build.0 = Debug|Any CPU
		{9435E89A-3A03-4CE1-935F-AD4BD8D74595}.Release|Any CPU.ActiveCfg = Release|Any CPU
		{9435E89A-3A03-4CE1-935F-AD4BD8D74595}.Release|Any CPU.Build.0 = Release|Any CPU
		{9435E89A-3A03-4CE1-935F-AD4BD8D74595}.Release|x64.ActiveCfg = Release|Any CPU
		{9435E89A-3A03-4CE1-935F-AD4BD8D74595}.Release|x64.Build.0 = Release|Any CPU
		{9435E89A-3A03-4CE1-935F-AD4BD8D74595}.Release|x86.ActiveCfg = Release|Any CPU
		{9435E89A-3A03-4CE1-935F-AD4BD8D74595}.Release|x86.Build.0 = Release|Any CPU
		{1FD8A914-A1EC-486D-B94C-DCB9D713309F}.Debug|Any CPU.ActiveCfg = Debug|Any CPU
		{1FD8A914-A1EC-486D-B94C-DCB9D713309F}.Debug|Any CPU.Build.0 = Debug|Any CPU
		{1FD8A914-A1EC-486D-B94C-DCB9D713309F}.Debug|x64.ActiveCfg = Debug|Any CPU
		{1FD8A914-A1EC-486D-B94C-DCB9D713309F}.Debug|x64.Build.0 = Debug|Any CPU
		{1FD8A914-A1EC-486D-B94C-DCB9D713309F}.Debug|x86.ActiveCfg = Debug|Any CPU
		{1FD8A914-A1EC-486D-B94C-DCB9D713309F}.Debug|x86.Build.0 = Debug|Any CPU
		{1FD8A914-A1EC-486D-B94C-DCB9D713309F}.Release|Any CPU.ActiveCfg = Release|Any CPU
		{1FD8A914-A1EC-486D-B94C-DCB9D713309F}.Release|Any CPU.Build.0 = Release|Any CPU
		{1FD8A914-A1EC-486D-B94C-DCB9D713309F}.Release|x64.ActiveCfg = Release|Any CPU
		{1FD8A914-A1EC-486D-B94C-DCB9D713309F}.Release|x64.Build.0 = Release|Any CPU
		{1FD8A914-A1EC-486D-B94C-DCB9D713309F}.Release|x86.ActiveCfg = Release|Any CPU
		{1FD8A914-A1EC-486D-B94C-DCB9D713309F}.Release|x86.Build.0 = Release|Any CPU
		{7CBED41B-8D9A-4E42-9685-4138AD736315}.Debug|Any CPU.ActiveCfg = Debug|Any CPU
		{7CBED41B-8D9A-4E42-9685-4138AD736315}.Debug|Any CPU.Build.0 = Debug|Any CPU
		{7CBED41B-8D9A-4E42-9685-4138AD736315}.Debug|x64.ActiveCfg = Debug|Any CPU
		{7CBED41B-8D9A-4E42-9685-4138AD736315}.Debug|x64.Build.0 = Debug|Any CPU
		{7CBED41B-8D9A-4E42-9685-4138AD736315}.Debug|x86.ActiveCfg = Debug|Any CPU
		{7CBED41B-8D9A-4E42-9685-4138AD736315}.Debug|x86.Build.0 = Debug|Any CPU
		{7CBED41B-8D9A-4E42-9685-4138AD736315}.Release|Any CPU.ActiveCfg = Release|Any CPU
		{7CBED41B-8D9A-4E42-9685-4138AD736315}.Release|Any CPU.Build.0 = Release|Any CPU
		{7CBED41B-8D9A-4E42-9685-4138AD736315}.Release|x64.ActiveCfg = Release|Any CPU
		{7CBED41B-8D9A-4E42-9685-4138AD736315}.Release|x64.Build.0 = Release|Any CPU
		{7CBED41B-8D9A-4E42-9685-4138AD736315}.Release|x86.ActiveCfg = Release|Any CPU
		{7CBED41B-8D9A-4E42-9685-4138AD736315}.Release|x86.Build.0 = Release|Any CPU
		{30FD79CB-3BD0-47BD-A08D-E6C08407DD42}.Debug|Any CPU.ActiveCfg = Debug|Any CPU
		{30FD79CB-3BD0-47BD-A08D-E6C08407DD42}.Debug|Any CPU.Build.0 = Debug|Any CPU
		{30FD79CB-3BD0-47BD-A08D-E6C08407DD42}.Debug|x64.ActiveCfg = Debug|Any CPU
		{30FD79CB-3BD0-47BD-A08D-E6C08407DD42}.Debug|x64.Build.0 = Debug|Any CPU
		{30FD79CB-3BD0-47BD-A08D-E6C08407DD42}.Debug|x86.ActiveCfg = Debug|Any CPU
		{30FD79CB-3BD0-47BD-A08D-E6C08407DD42}.Debug|x86.Build.0 = Debug|Any CPU
		{30FD79CB-3BD0-47BD-A08D-E6C08407DD42}.Release|Any CPU.ActiveCfg = Release|Any CPU
		{30FD79CB-3BD0-47BD-A08D-E6C08407DD42}.Release|Any CPU.Build.0 = Release|Any CPU
		{30FD79CB-3BD0-47BD-A08D-E6C08407DD42}.Release|x64.ActiveCfg = Release|Any CPU
		{30FD79CB-3BD0-47BD-A08D-E6C08407DD42}.Release|x64.Build.0 = Release|Any CPU
		{30FD79CB-3BD0-47BD-A08D-E6C08407DD42}.Release|x86.ActiveCfg = Release|Any CPU
		{30FD79CB-3BD0-47BD-A08D-E6C08407DD42}.Release|x86.Build.0 = Release|Any CPU
		{408DFEBE-B851-4442-880B-F14F0FD36AA6}.Debug|Any CPU.ActiveCfg = Debug|Any CPU
		{408DFEBE-B851-4442-880B-F14F0FD36AA6}.Debug|Any CPU.Build.0 = Debug|Any CPU
		{408DFEBE-B851-4442-880B-F14F0FD36AA6}.Debug|x64.ActiveCfg = Debug|Any CPU
		{408DFEBE-B851-4442-880B-F14F0FD36AA6}.Debug|x64.Build.0 = Debug|Any CPU
		{408DFEBE-B851-4442-880B-F14F0FD36AA6}.Debug|x86.ActiveCfg = Debug|Any CPU
		{408DFEBE-B851-4442-880B-F14F0FD36AA6}.Debug|x86.Build.0 = Debug|Any CPU
		{408DFEBE-B851-4442-880B-F14F0FD36AA6}.Release|Any CPU.ActiveCfg = Release|Any CPU
		{408DFEBE-B851-4442-880B-F14F0FD36AA6}.Release|Any CPU.Build.0 = Release|Any CPU
		{408DFEBE-B851-4442-880B-F14F0FD36AA6}.Release|x64.ActiveCfg = Release|Any CPU
		{408DFEBE-B851-4442-880B-F14F0FD36AA6}.Release|x64.Build.0 = Release|Any CPU
		{408DFEBE-B851-4442-880B-F14F0FD36AA6}.Release|x86.ActiveCfg = Release|Any CPU
		{408DFEBE-B851-4442-880B-F14F0FD36AA6}.Release|x86.Build.0 = Release|Any CPU
		{EFCD4460-027A-488C-A415-857F38DA3066}.Debug|Any CPU.ActiveCfg = Debug|Any CPU
		{EFCD4460-027A-488C-A415-857F38DA3066}.Debug|Any CPU.Build.0 = Debug|Any CPU
		{EFCD4460-027A-488C-A415-857F38DA3066}.Debug|x64.ActiveCfg = Debug|Any CPU
		{EFCD4460-027A-488C-A415-857F38DA3066}.Debug|x64.Build.0 = Debug|Any CPU
		{EFCD4460-027A-488C-A415-857F38DA3066}.Debug|x86.ActiveCfg = Debug|Any CPU
		{EFCD4460-027A-488C-A415-857F38DA3066}.Debug|x86.Build.0 = Debug|Any CPU
		{EFCD4460-027A-488C-A415-857F38DA3066}.Release|Any CPU.ActiveCfg = Release|Any CPU
		{EFCD4460-027A-488C-A415-857F38DA3066}.Release|Any CPU.Build.0 = Release|Any CPU
		{EFCD4460-027A-488C-A415-857F38DA3066}.Release|x64.ActiveCfg = Release|Any CPU
		{EFCD4460-027A-488C-A415-857F38DA3066}.Release|x64.Build.0 = Release|Any CPU
		{EFCD4460-027A-488C-A415-857F38DA3066}.Release|x86.ActiveCfg = Release|Any CPU
		{EFCD4460-027A-488C-A415-857F38DA3066}.Release|x86.Build.0 = Release|Any CPU
		{AA3DDD82-6F84-41DA-B3E5-8FE213BAACDA}.Debug|Any CPU.ActiveCfg = Debug|Any CPU
		{AA3DDD82-6F84-41DA-B3E5-8FE213BAACDA}.Debug|Any CPU.Build.0 = Debug|Any CPU
		{AA3DDD82-6F84-41DA-B3E5-8FE213BAACDA}.Debug|x64.ActiveCfg = Debug|Any CPU
		{AA3DDD82-6F84-41DA-B3E5-8FE213BAACDA}.Debug|x64.Build.0 = Debug|Any CPU
		{AA3DDD82-6F84-41DA-B3E5-8FE213BAACDA}.Debug|x86.ActiveCfg = Debug|Any CPU
		{AA3DDD82-6F84-41DA-B3E5-8FE213BAACDA}.Debug|x86.Build.0 = Debug|Any CPU
		{AA3DDD82-6F84-41DA-B3E5-8FE213BAACDA}.Release|Any CPU.ActiveCfg = Release|Any CPU
		{AA3DDD82-6F84-41DA-B3E5-8FE213BAACDA}.Release|Any CPU.Build.0 = Release|Any CPU
		{AA3DDD82-6F84-41DA-B3E5-8FE213BAACDA}.Release|x64.ActiveCfg = Release|Any CPU
		{AA3DDD82-6F84-41DA-B3E5-8FE213BAACDA}.Release|x64.Build.0 = Release|Any CPU
		{AA3DDD82-6F84-41DA-B3E5-8FE213BAACDA}.Release|x86.ActiveCfg = Release|Any CPU
		{AA3DDD82-6F84-41DA-B3E5-8FE213BAACDA}.Release|x86.Build.0 = Release|Any CPU
		{F3D07DD5-D586-4159-9096-43B8B19C9C30}.Debug|Any CPU.ActiveCfg = Debug|Any CPU
		{F3D07DD5-D586-4159-9096-43B8B19C9C30}.Debug|Any CPU.Build.0 = Debug|Any CPU
		{F3D07DD5-D586-4159-9096-43B8B19C9C30}.Debug|x64.ActiveCfg = Debug|Any CPU
		{F3D07DD5-D586-4159-9096-43B8B19C9C30}.Debug|x64.Build.0 = Debug|Any CPU
		{F3D07DD5-D586-4159-9096-43B8B19C9C30}.Debug|x86.ActiveCfg = Debug|Any CPU
		{F3D07DD5-D586-4159-9096-43B8B19C9C30}.Debug|x86.Build.0 = Debug|Any CPU
		{F3D07DD5-D586-4159-9096-43B8B19C9C30}.Release|Any CPU.ActiveCfg = Release|Any CPU
		{F3D07DD5-D586-4159-9096-43B8B19C9C30}.Release|Any CPU.Build.0 = Release|Any CPU
		{F3D07DD5-D586-4159-9096-43B8B19C9C30}.Release|x64.ActiveCfg = Release|Any CPU
		{F3D07DD5-D586-4159-9096-43B8B19C9C30}.Release|x64.Build.0 = Release|Any CPU
		{F3D07DD5-D586-4159-9096-43B8B19C9C30}.Release|x86.ActiveCfg = Release|Any CPU
		{F3D07DD5-D586-4159-9096-43B8B19C9C30}.Release|x86.Build.0 = Release|Any CPU
		{63E11DAC-0FC6-4B00-A184-C965A3784ACA}.Debug|Any CPU.ActiveCfg = Debug|Any CPU
		{63E11DAC-0FC6-4B00-A184-C965A3784ACA}.Debug|Any CPU.Build.0 = Debug|Any CPU
		{63E11DAC-0FC6-4B00-A184-C965A3784ACA}.Debug|x64.ActiveCfg = Debug|Any CPU
		{63E11DAC-0FC6-4B00-A184-C965A3784ACA}.Debug|x64.Build.0 = Debug|Any CPU
		{63E11DAC-0FC6-4B00-A184-C965A3784ACA}.Debug|x86.ActiveCfg = Debug|Any CPU
		{63E11DAC-0FC6-4B00-A184-C965A3784ACA}.Debug|x86.Build.0 = Debug|Any CPU
		{63E11DAC-0FC6-4B00-A184-C965A3784ACA}.Release|Any CPU.ActiveCfg = Release|Any CPU
		{63E11DAC-0FC6-4B00-A184-C965A3784ACA}.Release|Any CPU.Build.0 = Release|Any CPU
		{63E11DAC-0FC6-4B00-A184-C965A3784ACA}.Release|x64.ActiveCfg = Release|Any CPU
		{63E11DAC-0FC6-4B00-A184-C965A3784ACA}.Release|x64.Build.0 = Release|Any CPU
		{63E11DAC-0FC6-4B00-A184-C965A3784ACA}.Release|x86.ActiveCfg = Release|Any CPU
		{63E11DAC-0FC6-4B00-A184-C965A3784ACA}.Release|x86.Build.0 = Release|Any CPU
		{602B6603-B6C1-4325-9BE4-B76B7A999BC8}.Debug|Any CPU.ActiveCfg = Debug|Any CPU
		{602B6603-B6C1-4325-9BE4-B76B7A999BC8}.Debug|Any CPU.Build.0 = Debug|Any CPU
		{602B6603-B6C1-4325-9BE4-B76B7A999BC8}.Debug|x64.ActiveCfg = Debug|Any CPU
		{602B6603-B6C1-4325-9BE4-B76B7A999BC8}.Debug|x64.Build.0 = Debug|Any CPU
		{602B6603-B6C1-4325-9BE4-B76B7A999BC8}.Debug|x86.ActiveCfg = Debug|Any CPU
		{602B6603-B6C1-4325-9BE4-B76B7A999BC8}.Debug|x86.Build.0 = Debug|Any CPU
		{602B6603-B6C1-4325-9BE4-B76B7A999BC8}.Release|Any CPU.ActiveCfg = Release|Any CPU
		{602B6603-B6C1-4325-9BE4-B76B7A999BC8}.Release|Any CPU.Build.0 = Release|Any CPU
		{602B6603-B6C1-4325-9BE4-B76B7A999BC8}.Release|x64.ActiveCfg = Release|Any CPU
		{602B6603-B6C1-4325-9BE4-B76B7A999BC8}.Release|x64.Build.0 = Release|Any CPU
		{602B6603-B6C1-4325-9BE4-B76B7A999BC8}.Release|x86.ActiveCfg = Release|Any CPU
		{602B6603-B6C1-4325-9BE4-B76B7A999BC8}.Release|x86.Build.0 = Release|Any CPU
		{8AEE95AC-C61F-463B-A9A6-BDE5CD94E3DD}.Debug|Any CPU.ActiveCfg = Debug|Any CPU
		{8AEE95AC-C61F-463B-A9A6-BDE5CD94E3DD}.Debug|Any CPU.Build.0 = Debug|Any CPU
		{8AEE95AC-C61F-463B-A9A6-BDE5CD94E3DD}.Debug|x64.ActiveCfg = Debug|Any CPU
		{8AEE95AC-C61F-463B-A9A6-BDE5CD94E3DD}.Debug|x64.Build.0 = Debug|Any CPU
		{8AEE95AC-C61F-463B-A9A6-BDE5CD94E3DD}.Debug|x86.ActiveCfg = Debug|Any CPU
		{8AEE95AC-C61F-463B-A9A6-BDE5CD94E3DD}.Debug|x86.Build.0 = Debug|Any CPU
		{8AEE95AC-C61F-463B-A9A6-BDE5CD94E3DD}.Release|Any CPU.ActiveCfg = Release|Any CPU
		{8AEE95AC-C61F-463B-A9A6-BDE5CD94E3DD}.Release|Any CPU.Build.0 = Release|Any CPU
		{8AEE95AC-C61F-463B-A9A6-BDE5CD94E3DD}.Release|x64.ActiveCfg = Release|Any CPU
		{8AEE95AC-C61F-463B-A9A6-BDE5CD94E3DD}.Release|x64.Build.0 = Release|Any CPU
		{8AEE95AC-C61F-463B-A9A6-BDE5CD94E3DD}.Release|x86.ActiveCfg = Release|Any CPU
		{8AEE95AC-C61F-463B-A9A6-BDE5CD94E3DD}.Release|x86.Build.0 = Release|Any CPU
	EndGlobalSection
	GlobalSection(SolutionProperties) = preSolution
		HideSolutionNode = FALSE
	EndGlobalSection
	GlobalSection(NestedProjects) = preSolution
		{30FD79CB-3BD0-47BD-A08D-E6C08407DD42} = {053BEFB5-9B50-4517-B20D-68FB4A9DD969}
		{408DFEBE-B851-4442-880B-F14F0FD36AA6} = {053BEFB5-9B50-4517-B20D-68FB4A9DD969}
		{EFCD4460-027A-488C-A415-857F38DA3066} = {053BEFB5-9B50-4517-B20D-68FB4A9DD969}
		{AA3DDD82-6F84-41DA-B3E5-8FE213BAACDA} = {053BEFB5-9B50-4517-B20D-68FB4A9DD969}
		{F3D07DD5-D586-4159-9096-43B8B19C9C30} = {053BEFB5-9B50-4517-B20D-68FB4A9DD969}
		{63E11DAC-0FC6-4B00-A184-C965A3784ACA} = {053BEFB5-9B50-4517-B20D-68FB4A9DD969}
		{602B6603-B6C1-4325-9BE4-B76B7A999BC8} = {053BEFB5-9B50-4517-B20D-68FB4A9DD969}
	EndGlobalSection
	GlobalSection(ExtensibilityGlobals) = postSolution
		SolutionGuid = {2195DC91-61CC-4532-A7A1-162067015271}
	EndGlobalSection
EndGlobal
