
Microsoft Visual Studio Solution File, Format Version 12.00
# Visual Studio Version 16
VisualStudioVersion = 16.0.30114.105
MinimumVisualStudioVersion = 10.0.40219.1
Project("{FAE04EC0-301F-11D3-BF4B-00C04F79EFBC}") = "R5T.D0070.A001", "R5T.D0070.A001\R5T.D0070.A001.csproj", "{AF8310E6-B4AA-4CED-895A-4A7ABF9807A4}"
EndProject
Project("{FAE04EC0-301F-11D3-BF4B-00C04F79EFBC}") = "R5T.D0070.Base", "R5T.D0070.Base\R5T.D0070.Base.csproj", "{D24A9D2B-AA28-4664-AAF2-9A8A2471806F}"
EndProject
Project("{FAE04EC0-301F-11D3-BF4B-00C04F79EFBC}") = "R5T.D0070.Construction", "R5T.D0070.Construction\R5T.D0070.Construction.csproj", "{CA8D29C8-3B09-41B3-A813-654688846F27}"
EndProject
Project("{FAE04EC0-301F-11D3-BF4B-00C04F79EFBC}") = "R5T.D0070.Default", "R5T.D0070.Default\R5T.D0070.Default.csproj", "{F810B25A-86D7-487C-8EC4-7F176166DD13}"
EndProject
Project("{FAE04EC0-301F-11D3-BF4B-00C04F79EFBC}") = "R5T.D0070.Standard", "R5T.D0070.Standard\R5T.D0070.Standard.csproj", "{12474C4B-29CF-428A-9E33-45C9EF626E8F}"
EndProject
Project("{FAE04EC0-301F-11D3-BF4B-00C04F79EFBC}") = "R5T.D0070.Types", "R5T.D0070.Types\R5T.D0070.Types.csproj", "{D601D79B-B921-4007-93DF-9E5E3817EF2D}"
EndProject
Global
	GlobalSection(SolutionConfigurationPlatforms) = preSolution
		Debug|Any CPU = Debug|Any CPU
		Debug|x64 = Debug|x64
		Debug|x86 = Debug|x86
		Release|Any CPU = Release|Any CPU
		Release|x64 = Release|x64
		Release|x86 = Release|x86
	EndGlobalSection
	GlobalSection(SolutionProperties) = preSolution
		HideSolutionNode = FALSE
	EndGlobalSection
	GlobalSection(ProjectConfigurationPlatforms) = postSolution
		{AF8310E6-B4AA-4CED-895A-4A7ABF9807A4}.Debug|Any CPU.ActiveCfg = Debug|Any CPU
		{AF8310E6-B4AA-4CED-895A-4A7ABF9807A4}.Debug|Any CPU.Build.0 = Debug|Any CPU
		{AF8310E6-B4AA-4CED-895A-4A7ABF9807A4}.Debug|x64.ActiveCfg = Debug|Any CPU
		{AF8310E6-B4AA-4CED-895A-4A7ABF9807A4}.Debug|x64.Build.0 = Debug|Any CPU
		{AF8310E6-B4AA-4CED-895A-4A7ABF9807A4}.Debug|x86.ActiveCfg = Debug|Any CPU
		{AF8310E6-B4AA-4CED-895A-4A7ABF9807A4}.Debug|x86.Build.0 = Debug|Any CPU
		{AF8310E6-B4AA-4CED-895A-4A7ABF9807A4}.Release|Any CPU.ActiveCfg = Release|Any CPU
		{AF8310E6-B4AA-4CED-895A-4A7ABF9807A4}.Release|Any CPU.Build.0 = Release|Any CPU
		{AF8310E6-B4AA-4CED-895A-4A7ABF9807A4}.Release|x64.ActiveCfg = Release|Any CPU
		{AF8310E6-B4AA-4CED-895A-4A7ABF9807A4}.Release|x64.Build.0 = Release|Any CPU
		{AF8310E6-B4AA-4CED-895A-4A7ABF9807A4}.Release|x86.ActiveCfg = Release|Any CPU
		{AF8310E6-B4AA-4CED-895A-4A7ABF9807A4}.Release|x86.Build.0 = Release|Any CPU
		{D24A9D2B-AA28-4664-AAF2-9A8A2471806F}.Debug|Any CPU.ActiveCfg = Debug|Any CPU
		{D24A9D2B-AA28-4664-AAF2-9A8A2471806F}.Debug|Any CPU.Build.0 = Debug|Any CPU
		{D24A9D2B-AA28-4664-AAF2-9A8A2471806F}.Debug|x64.ActiveCfg = Debug|Any CPU
		{D24A9D2B-AA28-4664-AAF2-9A8A2471806F}.Debug|x64.Build.0 = Debug|Any CPU
		{D24A9D2B-AA28-4664-AAF2-9A8A2471806F}.Debug|x86.ActiveCfg = Debug|Any CPU
		{D24A9D2B-AA28-4664-AAF2-9A8A2471806F}.Debug|x86.Build.0 = Debug|Any CPU
		{D24A9D2B-AA28-4664-AAF2-9A8A2471806F}.Release|Any CPU.ActiveCfg = Release|Any CPU
		{D24A9D2B-AA28-4664-AAF2-9A8A2471806F}.Release|Any CPU.Build.0 = Release|Any CPU
		{D24A9D2B-AA28-4664-AAF2-9A8A2471806F}.Release|x64.ActiveCfg = Release|Any CPU
		{D24A9D2B-AA28-4664-AAF2-9A8A2471806F}.Release|x64.Build.0 = Release|Any CPU
		{D24A9D2B-AA28-4664-AAF2-9A8A2471806F}.Release|x86.ActiveCfg = Release|Any CPU
		{D24A9D2B-AA28-4664-AAF2-9A8A2471806F}.Release|x86.Build.0 = Release|Any CPU
		{CA8D29C8-3B09-41B3-A813-654688846F27}.Debug|Any CPU.ActiveCfg = Debug|Any CPU
		{CA8D29C8-3B09-41B3-A813-654688846F27}.Debug|Any CPU.Build.0 = Debug|Any CPU
		{CA8D29C8-3B09-41B3-A813-654688846F27}.Debug|x64.ActiveCfg = Debug|Any CPU
		{CA8D29C8-3B09-41B3-A813-654688846F27}.Debug|x64.Build.0 = Debug|Any CPU
		{CA8D29C8-3B09-41B3-A813-654688846F27}.Debug|x86.ActiveCfg = Debug|Any CPU
		{CA8D29C8-3B09-41B3-A813-654688846F27}.Debug|x86.Build.0 = Debug|Any CPU
		{CA8D29C8-3B09-41B3-A813-654688846F27}.Release|Any CPU.ActiveCfg = Release|Any CPU
		{CA8D29C8-3B09-41B3-A813-654688846F27}.Release|Any CPU.Build.0 = Release|Any CPU
		{CA8D29C8-3B09-41B3-A813-654688846F27}.Release|x64.ActiveCfg = Release|Any CPU
		{CA8D29C8-3B09-41B3-A813-654688846F27}.Release|x64.Build.0 = Release|Any CPU
		{CA8D29C8-3B09-41B3-A813-654688846F27}.Release|x86.ActiveCfg = Release|Any CPU
		{CA8D29C8-3B09-41B3-A813-654688846F27}.Release|x86.Build.0 = Release|Any CPU
		{F810B25A-86D7-487C-8EC4-7F176166DD13}.Debug|Any CPU.ActiveCfg = Debug|Any CPU
		{F810B25A-86D7-487C-8EC4-7F176166DD13}.Debug|Any CPU.Build.0 = Debug|Any CPU
		{F810B25A-86D7-487C-8EC4-7F176166DD13}.Debug|x64.ActiveCfg = Debug|Any CPU
		{F810B25A-86D7-487C-8EC4-7F176166DD13}.Debug|x64.Build.0 = Debug|Any CPU
		{F810B25A-86D7-487C-8EC4-7F176166DD13}.Debug|x86.ActiveCfg = Debug|Any CPU
		{F810B25A-86D7-487C-8EC4-7F176166DD13}.Debug|x86.Build.0 = Debug|Any CPU
		{F810B25A-86D7-487C-8EC4-7F176166DD13}.Release|Any CPU.ActiveCfg = Release|Any CPU
		{F810B25A-86D7-487C-8EC4-7F176166DD13}.Release|Any CPU.Build.0 = Release|Any CPU
		{F810B25A-86D7-487C-8EC4-7F176166DD13}.Release|x64.ActiveCfg = Release|Any CPU
		{F810B25A-86D7-487C-8EC4-7F176166DD13}.Release|x64.Build.0 = Release|Any CPU
		{F810B25A-86D7-487C-8EC4-7F176166DD13}.Release|x86.ActiveCfg = Release|Any CPU
		{F810B25A-86D7-487C-8EC4-7F176166DD13}.Release|x86.Build.0 = Release|Any CPU
		{12474C4B-29CF-428A-9E33-45C9EF626E8F}.Debug|Any CPU.ActiveCfg = Debug|Any CPU
		{12474C4B-29CF-428A-9E33-45C9EF626E8F}.Debug|Any CPU.Build.0 = Debug|Any CPU
		{12474C4B-29CF-428A-9E33-45C9EF626E8F}.Debug|x64.ActiveCfg = Debug|Any CPU
		{12474C4B-29CF-428A-9E33-45C9EF626E8F}.Debug|x64.Build.0 = Debug|Any CPU
		{12474C4B-29CF-428A-9E33-45C9EF626E8F}.Debug|x86.ActiveCfg = Debug|Any CPU
		{12474C4B-29CF-428A-9E33-45C9EF626E8F}.Debug|x86.Build.0 = Debug|Any CPU
		{12474C4B-29CF-428A-9E33-45C9EF626E8F}.Release|Any CPU.ActiveCfg = Release|Any CPU
		{12474C4B-29CF-428A-9E33-45C9EF626E8F}.Release|Any CPU.Build.0 = Release|Any CPU
		{12474C4B-29CF-428A-9E33-45C9EF626E8F}.Release|x64.ActiveCfg = Release|Any CPU
		{12474C4B-29CF-428A-9E33-45C9EF626E8F}.Release|x64.Build.0 = Release|Any CPU
		{12474C4B-29CF-428A-9E33-45C9EF626E8F}.Release|x86.ActiveCfg = Release|Any CPU
		{12474C4B-29CF-428A-9E33-45C9EF626E8F}.Release|x86.Build.0 = Release|Any CPU
		{D601D79B-B921-4007-93DF-9E5E3817EF2D}.Debug|Any CPU.ActiveCfg = Debug|Any CPU
		{D601D79B-B921-4007-93DF-9E5E3817EF2D}.Debug|Any CPU.Build.0 = Debug|Any CPU
		{D601D79B-B921-4007-93DF-9E5E3817EF2D}.Debug|x64.ActiveCfg = Debug|Any CPU
		{D601D79B-B921-4007-93DF-9E5E3817EF2D}.Debug|x64.Build.0 = Debug|Any CPU
		{D601D79B-B921-4007-93DF-9E5E3817EF2D}.Debug|x86.ActiveCfg = Debug|Any CPU
		{D601D79B-B921-4007-93DF-9E5E3817EF2D}.Debug|x86.Build.0 = Debug|Any CPU
		{D601D79B-B921-4007-93DF-9E5E3817EF2D}.Release|Any CPU.ActiveCfg = Release|Any CPU
		{D601D79B-B921-4007-93DF-9E5E3817EF2D}.Release|Any CPU.Build.0 = Release|Any CPU
		{D601D79B-B921-4007-93DF-9E5E3817EF2D}.Release|x64.ActiveCfg = Release|Any CPU
		{D601D79B-B921-4007-93DF-9E5E3817EF2D}.Release|x64.Build.0 = Release|Any CPU
		{D601D79B-B921-4007-93DF-9E5E3817EF2D}.Release|x86.ActiveCfg = Release|Any CPU
		{D601D79B-B921-4007-93DF-9E5E3817EF2D}.Release|x86.Build.0 = Release|Any CPU
	EndGlobalSection
EndGlobal
